
Microsoft Visual Studio Solution File, Format Version 12.00
# Visual Studio 15
VisualStudioVersion = 15.0.27130.2010
MinimumVisualStudioVersion = 10.0.40219.1
Project("{2150E333-8FDC-42A3-9474-1A3956D46DE8}") = "1 - Apresentacao", "1 - Apresentacao", "{9D5E6A6B-A3E3-43B9-836F-C6947C4210AF}"
EndProject
Project("{2150E333-8FDC-42A3-9474-1A3956D46DE8}") = "2 - Business", "2 - Business", "{AA426DFA-0107-41C8-85F9-89DE8E6498DD}"
EndProject
Project("{2150E333-8FDC-42A3-9474-1A3956D46DE8}") = "3 - Repository", "3 - Repository", "{961D750A-909D-48C4-BE5B-BBDCB919F226}"
EndProject
Project("{2150E333-8FDC-42A3-9474-1A3956D46DE8}") = "4 - Domain", "4 - Domain", "{2D0900B2-B611-451B-AC01-839366FA01E0}"
EndProject
Project("{2150E333-8FDC-42A3-9474-1A3956D46DE8}") = "5 - Injector", "5 - Injector", "{C9AC0BF0-CACB-492C-B517-849F8A223A57}"
EndProject
Project("{2150E333-8FDC-42A3-9474-1A3956D46DE8}") = "6 - CrossCutting", "6 - CrossCutting", "{8F3C608A-DD77-4AD4-B728-63B5BB0C7718}"
EndProject
Project("{FAE04EC0-301F-11D3-BF4B-00C04F79EFBC}") = "VRPTW.Domain.Dto", "VRPTW.Domain.Dto\VRPTW.Domain.Dto.csproj", "{443C3604-C849-4F25-9F1C-01DDC51DF10C}"
EndProject
Project("{FAE04EC0-301F-11D3-BF4B-00C04F79EFBC}") = "VRPTW.Repository", "VRPTW.Repository\VRPTW.Repository.csproj", "{E09E9F8A-F1C8-4253-8ECF-3C1EA721F3F0}"
EndProject
Project("{FAE04EC0-301F-11D3-BF4B-00C04F79EFBC}") = "VRPTW.Domain.Entity", "VRPTW.Domain.Entity\VRPTW.Domain.Entity.csproj", "{1C111F9F-055D-4C23-96EA-ACA236A73F6C}"
EndProject
Project("{FAE04EC0-301F-11D3-BF4B-00C04F79EFBC}") = "VRPTW.Domain.Interface.Repository", "VRPTW.Domain.Interface.Repository\VRPTW.Domain.Interface.Repository.csproj", "{7C738E3C-9E11-435B-AB18-5E499014FA39}"
EndProject
Project("{FAE04EC0-301F-11D3-BF4B-00C04F79EFBC}") = "VRPTW.Business", "VRPTW.Business\VRPTW.Business.csproj", "{E95EADE7-10E6-4A9E-AB1C-C70622397C9A}"
EndProject
Project("{FAE04EC0-301F-11D3-BF4B-00C04F79EFBC}") = "VRPTW.Domain.Interface.Business", "VRPTW.Domain.Interface.Business\VRPTW.Domain.Interface.Business.csproj", "{296191B4-52C8-4BFF-B42E-186E7A33921B}"
EndProject
Project("{FAE04EC0-301F-11D3-BF4B-00C04F79EFBC}") = "VRPTW.DependenciesInjector", "VRPTW.DependenciesInjector\VRPTW.DependenciesInjector.csproj", "{97760DBD-A579-42BE-A3D2-851484743006}"
EndProject
Project("{FAE04EC0-301F-11D3-BF4B-00C04F79EFBC}") = "VRPTW.CrossCutting", "VRPTW.CrossCutting\VRPTW.CrossCutting.csproj", "{E23C4D2D-E89C-4C40-9DE0-A1F88D1D1729}"
EndProject
Project("{FAE04EC0-301F-11D3-BF4B-00C04F79EFBC}") = "VRPTW_Server.API", "VRPTW_Server.API\VRPTW_Server.API.csproj", "{110745E8-6004-46CA-8499-6977998C0408}"
EndProject
Project("{2150E333-8FDC-42A3-9474-1A3956D46DE8}") = "7 - DataBase", "7 - DataBase", "{CAB9844D-CAC7-4FA9-B6A8-DAD2155A7E52}"
EndProject
Project("{00D1A9C2-B5F0-4AF3-8072-F6C62B433612}") = "DatabaseVehicleRoutingProblem", "DatabaseVehicleRoutingProblem\DatabaseVehicleRoutingProblem.sqlproj", "{1A16227F-FB49-437D-8270-51761473E036}"
EndProject
Project("{FAE04EC0-301F-11D3-BF4B-00C04F79EFBC}") = "Ceplex", "Ceplex\Ceplex.csproj", "{89615007-CA12-4E69-B582-CA5962CCC1EC}"
EndProject
Project("{2150E333-8FDC-42A3-9474-1A3956D46DE8}") = "8 - Solver", "8 - Solver", "{EE8003C7-FDCC-436F-9F4F-3B68C0075CAE}"
EndProject
Global
	GlobalSection(SolutionConfigurationPlatforms) = preSolution
		Debug|Any CPU = Debug|Any CPU
		Release|Any CPU = Release|Any CPU
	EndGlobalSection
	GlobalSection(ProjectConfigurationPlatforms) = postSolution
		{443C3604-C849-4F25-9F1C-01DDC51DF10C}.Debug|Any CPU.ActiveCfg = Debug|Any CPU
		{443C3604-C849-4F25-9F1C-01DDC51DF10C}.Debug|Any CPU.Build.0 = Debug|Any CPU
		{443C3604-C849-4F25-9F1C-01DDC51DF10C}.Release|Any CPU.ActiveCfg = Release|Any CPU
		{443C3604-C849-4F25-9F1C-01DDC51DF10C}.Release|Any CPU.Build.0 = Release|Any CPU
		{E09E9F8A-F1C8-4253-8ECF-3C1EA721F3F0}.Debug|Any CPU.ActiveCfg = Debug|Any CPU
		{E09E9F8A-F1C8-4253-8ECF-3C1EA721F3F0}.Debug|Any CPU.Build.0 = Debug|Any CPU
		{E09E9F8A-F1C8-4253-8ECF-3C1EA721F3F0}.Release|Any CPU.ActiveCfg = Release|Any CPU
		{E09E9F8A-F1C8-4253-8ECF-3C1EA721F3F0}.Release|Any CPU.Build.0 = Release|Any CPU
		{1C111F9F-055D-4C23-96EA-ACA236A73F6C}.Debug|Any CPU.ActiveCfg = Debug|Any CPU
		{1C111F9F-055D-4C23-96EA-ACA236A73F6C}.Debug|Any CPU.Build.0 = Debug|Any CPU
		{1C111F9F-055D-4C23-96EA-ACA236A73F6C}.Release|Any CPU.ActiveCfg = Release|Any CPU
		{1C111F9F-055D-4C23-96EA-ACA236A73F6C}.Release|Any CPU.Build.0 = Release|Any CPU
		{7C738E3C-9E11-435B-AB18-5E499014FA39}.Debug|Any CPU.ActiveCfg = Debug|Any CPU
		{7C738E3C-9E11-435B-AB18-5E499014FA39}.Debug|Any CPU.Build.0 = Debug|Any CPU
		{7C738E3C-9E11-435B-AB18-5E499014FA39}.Release|Any CPU.ActiveCfg = Release|Any CPU
		{7C738E3C-9E11-435B-AB18-5E499014FA39}.Release|Any CPU.Build.0 = Release|Any CPU
		{E95EADE7-10E6-4A9E-AB1C-C70622397C9A}.Debug|Any CPU.ActiveCfg = Debug|Any CPU
		{E95EADE7-10E6-4A9E-AB1C-C70622397C9A}.Debug|Any CPU.Build.0 = Debug|Any CPU
		{E95EADE7-10E6-4A9E-AB1C-C70622397C9A}.Release|Any CPU.ActiveCfg = Release|Any CPU
		{E95EADE7-10E6-4A9E-AB1C-C70622397C9A}.Release|Any CPU.Build.0 = Release|Any CPU
		{296191B4-52C8-4BFF-B42E-186E7A33921B}.Debug|Any CPU.ActiveCfg = Debug|Any CPU
		{296191B4-52C8-4BFF-B42E-186E7A33921B}.Debug|Any CPU.Build.0 = Debug|Any CPU
		{296191B4-52C8-4BFF-B42E-186E7A33921B}.Release|Any CPU.ActiveCfg = Release|Any CPU
		{296191B4-52C8-4BFF-B42E-186E7A33921B}.Release|Any CPU.Build.0 = Release|Any CPU
		{97760DBD-A579-42BE-A3D2-851484743006}.Debug|Any CPU.ActiveCfg = Debug|Any CPU
		{97760DBD-A579-42BE-A3D2-851484743006}.Debug|Any CPU.Build.0 = Debug|Any CPU
		{97760DBD-A579-42BE-A3D2-851484743006}.Release|Any CPU.ActiveCfg = Release|Any CPU
		{97760DBD-A579-42BE-A3D2-851484743006}.Release|Any CPU.Build.0 = Release|Any CPU
		{E23C4D2D-E89C-4C40-9DE0-A1F88D1D1729}.Debug|Any CPU.ActiveCfg = Debug|Any CPU
		{E23C4D2D-E89C-4C40-9DE0-A1F88D1D1729}.Debug|Any CPU.Build.0 = Debug|Any CPU
		{E23C4D2D-E89C-4C40-9DE0-A1F88D1D1729}.Release|Any CPU.ActiveCfg = Release|Any CPU
		{E23C4D2D-E89C-4C40-9DE0-A1F88D1D1729}.Release|Any CPU.Build.0 = Release|Any CPU
		{110745E8-6004-46CA-8499-6977998C0408}.Debug|Any CPU.ActiveCfg = Debug|Any CPU
		{110745E8-6004-46CA-8499-6977998C0408}.Debug|Any CPU.Build.0 = Debug|Any CPU
		{110745E8-6004-46CA-8499-6977998C0408}.Release|Any CPU.ActiveCfg = Release|Any CPU
		{110745E8-6004-46CA-8499-6977998C0408}.Release|Any CPU.Build.0 = Release|Any CPU
		{1A16227F-FB49-437D-8270-51761473E036}.Debug|Any CPU.ActiveCfg = Debug|Any CPU
		{1A16227F-FB49-437D-8270-51761473E036}.Debug|Any CPU.Build.0 = Debug|Any CPU
		{1A16227F-FB49-437D-8270-51761473E036}.Debug|Any CPU.Deploy.0 = Debug|Any CPU
		{1A16227F-FB49-437D-8270-51761473E036}.Release|Any CPU.ActiveCfg = Release|Any CPU
		{1A16227F-FB49-437D-8270-51761473E036}.Release|Any CPU.Build.0 = Release|Any CPU
		{1A16227F-FB49-437D-8270-51761473E036}.Release|Any CPU.Deploy.0 = Release|Any CPU
		{89615007-CA12-4E69-B582-CA5962CCC1EC}.Debug|Any CPU.ActiveCfg = Debug|Any CPU
		{89615007-CA12-4E69-B582-CA5962CCC1EC}.Debug|Any CPU.Build.0 = Debug|Any CPU
		{89615007-CA12-4E69-B582-CA5962CCC1EC}.Release|Any CPU.ActiveCfg = Release|Any CPU
		{89615007-CA12-4E69-B582-CA5962CCC1EC}.Release|Any CPU.Build.0 = Release|Any CPU
	EndGlobalSection
	GlobalSection(SolutionProperties) = preSolution
		HideSolutionNode = FALSE
	EndGlobalSection
	GlobalSection(NestedProjects) = preSolution
		{443C3604-C849-4F25-9F1C-01DDC51DF10C} = {2D0900B2-B611-451B-AC01-839366FA01E0}
		{E09E9F8A-F1C8-4253-8ECF-3C1EA721F3F0} = {961D750A-909D-48C4-BE5B-BBDCB919F226}
		{1C111F9F-055D-4C23-96EA-ACA236A73F6C} = {2D0900B2-B611-451B-AC01-839366FA01E0}
		{7C738E3C-9E11-435B-AB18-5E499014FA39} = {2D0900B2-B611-451B-AC01-839366FA01E0}
		{E95EADE7-10E6-4A9E-AB1C-C70622397C9A} = {AA426DFA-0107-41C8-85F9-89DE8E6498DD}
		{296191B4-52C8-4BFF-B42E-186E7A33921B} = {2D0900B2-B611-451B-AC01-839366FA01E0}
		{97760DBD-A579-42BE-A3D2-851484743006} = {C9AC0BF0-CACB-492C-B517-849F8A223A57}
		{E23C4D2D-E89C-4C40-9DE0-A1F88D1D1729} = {8F3C608A-DD77-4AD4-B728-63B5BB0C7718}
		{110745E8-6004-46CA-8499-6977998C0408} = {9D5E6A6B-A3E3-43B9-836F-C6947C4210AF}
		{1A16227F-FB49-437D-8270-51761473E036} = {CAB9844D-CAC7-4FA9-B6A8-DAD2155A7E52}
		{89615007-CA12-4E69-B582-CA5962CCC1EC} = {EE8003C7-FDCC-436F-9F4F-3B68C0075CAE}
	EndGlobalSection
	GlobalSection(ExtensibilityGlobals) = postSolution
		SolutionGuid = {FF34F2FD-F2CA-4853-AD30-BB041D0D4A67}
	EndGlobalSection
EndGlobal
